
Microsoft Visual Studio Solution File, Format Version 12.00
# Visual Studio Version 17
VisualStudioVersion = 17.10.34928.147
MinimumVisualStudioVersion = 10.0.40219.1
Project("{9A19103F-16F7-4668-BE54-9A1E7A4F7556}") = "UserConnectionService.Api", "UserConnectionService.Api\UserConnectionService.Api.csproj", "{7DC6FEED-34FD-4177-996B-C6BF6B05E91B}"
EndProject
Project("{9A19103F-16F7-4668-BE54-9A1E7A4F7556}") = "UserConnectionService.Infrastructure", "UserConnectionService.Infrastructure\UserConnectionService.Infrastructure.csproj", "{C55C42C8-CB92-491E-B6B8-233652AE2785}"
EndProject
Project("{9A19103F-16F7-4668-BE54-9A1E7A4F7556}") = "UserConnectionService.Data", "UserConnectionService.Data\UserConnectionService.Data.csproj", "{6428896E-C5DE-4110-8D8E-3F4AF2E6EA76}"
EndProject
Project("{9A19103F-16F7-4668-BE54-9A1E7A4F7556}") = "UserConnectionService.Domain", "UserConnectionService.Domain\UserConnectionService.Domain.csproj", "{602874D4-EAE2-4FDD-BE5A-5ABBC24DBD95}"
EndProject
Project("{FAE04EC0-301F-11D3-BF4B-00C04F79EFBC}") = "UserConnectionService.Application", "UserConnectionService.Application\UserConnectionService.Application.csproj", "{7F91F323-9C9E-4336-94B1-FBBE6BF7A590}"
EndProject
Global
	GlobalSection(SolutionConfigurationPlatforms) = preSolution
		Debug|Any CPU = Debug|Any CPU
		Release|Any CPU = Release|Any CPU
	EndGlobalSection
	GlobalSection(ProjectConfigurationPlatforms) = postSolution
		{7DC6FEED-34FD-4177-996B-C6BF6B05E91B}.Debug|Any CPU.ActiveCfg = Debug|Any CPU
		{7DC6FEED-34FD-4177-996B-C6BF6B05E91B}.Debug|Any CPU.Build.0 = Debug|Any CPU
		{7DC6FEED-34FD-4177-996B-C6BF6B05E91B}.Release|Any CPU.ActiveCfg = Release|Any CPU
		{7DC6FEED-34FD-4177-996B-C6BF6B05E91B}.Release|Any CPU.Build.0 = Release|Any CPU
		{C55C42C8-CB92-491E-B6B8-233652AE2785}.Debug|Any CPU.ActiveCfg = Debug|Any CPU
		{C55C42C8-CB92-491E-B6B8-233652AE2785}.Debug|Any CPU.Build.0 = Debug|Any CPU
		{C55C42C8-CB92-491E-B6B8-233652AE2785}.Release|Any CPU.ActiveCfg = Release|Any CPU
		{C55C42C8-CB92-491E-B6B8-233652AE2785}.Release|Any CPU.Build.0 = Release|Any CPU
		{6428896E-C5DE-4110-8D8E-3F4AF2E6EA76}.Debug|Any CPU.ActiveCfg = Debug|Any CPU
		{6428896E-C5DE-4110-8D8E-3F4AF2E6EA76}.Debug|Any CPU.Build.0 = Debug|Any CPU
		{6428896E-C5DE-4110-8D8E-3F4AF2E6EA76}.Release|Any CPU.ActiveCfg = Release|Any CPU
		{6428896E-C5DE-4110-8D8E-3F4AF2E6EA76}.Release|Any CPU.Build.0 = Release|Any CPU
		{602874D4-EAE2-4FDD-BE5A-5ABBC24DBD95}.Debug|Any CPU.ActiveCfg = Debug|Any CPU
		{602874D4-EAE2-4FDD-BE5A-5ABBC24DBD95}.Debug|Any CPU.Build.0 = Debug|Any CPU
		{602874D4-EAE2-4FDD-BE5A-5ABBC24DBD95}.Release|Any CPU.ActiveCfg = Release|Any CPU
		{602874D4-EAE2-4FDD-BE5A-5ABBC24DBD95}.Release|Any CPU.Build.0 = Release|Any CPU
		{7F91F323-9C9E-4336-94B1-FBBE6BF7A590}.Debug|Any CPU.ActiveCfg = Debug|Any CPU
		{7F91F323-9C9E-4336-94B1-FBBE6BF7A590}.Debug|Any CPU.Build.0 = Debug|Any CPU
		{7F91F323-9C9E-4336-94B1-FBBE6BF7A590}.Release|Any CPU.ActiveCfg = Release|Any CPU
		{7F91F323-9C9E-4336-94B1-FBBE6BF7A590}.Release|Any CPU.Build.0 = Release|Any CPU
	EndGlobalSection
	GlobalSection(SolutionProperties) = preSolution
		HideSolutionNode = FALSE
	EndGlobalSection
	GlobalSection(ExtensibilityGlobals) = postSolution
		SolutionGuid = {A802F0C6-A794-4BB8-A69A-56C68D02D97E}
	EndGlobalSection
EndGlobal
